// !$*UTF8*$!
{
	archiveVersion = 1;
	classes = {
	};
	objectVersion = 46;
	objects = {

/* Begin PBXBuildFile section */
		036BD2B21965B93900EE3A7E /* Foundation.framework in Frameworks */ = {isa = PBXBuildFile; fileRef = 036BD2B11965B93900EE3A7E /* Foundation.framework */; };
		036BD2B51965B93900EE3A7E /* main.m in Sources */ = {isa = PBXBuildFile; fileRef = 036BD2B41965B93900EE3A7E /* main.m */; };
		036BD2C11965C0EA00EE3A7E /* ExchangeRate.m in Sources */ = {isa = PBXBuildFile; fileRef = 036BD2C01965C0EA00EE3A7E /* ExchangeRate.m */; };
/* End PBXBuildFile section */

/* Begin PBXCopyFilesBuildPhase section */
		036BD2AC1965B93900EE3A7E /* CopyFiles */ = {
			isa = PBXCopyFilesBuildPhase;
			buildActionMask = 2147483647;
			dstPath = /usr/share/man/man1/;
			dstSubfolderSpec = 0;
			files = (
			);
			runOnlyForDeploymentPostprocessing = 1;
		};
/* End PBXCopyFilesBuildPhase section */

/* Begin PBXFileReference section */
		036BD2AE1965B93900EE3A7E /* FetchExchangeRatesDemo */ = {isa = PBXFileReference; explicitFileType = "compiled.mach-o.executable"; includeInIndex = 0; path = FetchExchangeRatesDemo; sourceTree = BUILT_PRODUCTS_DIR; };
		036BD2B11965B93900EE3A7E /* Foundation.framework */ = {isa = PBXFileReference; lastKnownFileType = wrapper.framework; name = Foundation.framework; path = System/Library/Frameworks/Foundation.framework; sourceTree = SDKROOT; };
		036BD2B41965B93900EE3A7E /* main.m */ = {isa = PBXFileReference; lastKnownFileType = sourcecode.c.objc; path = main.m; sourceTree = "<group>"; };
		036BD2B71965B93900EE3A7E /* FetchExchangeRatesDemo-Prefix.pch */ = {isa = PBXFileReference; lastKnownFileType = sourcecode.c.h; path = "FetchExchangeRatesDemo-Prefix.pch"; sourceTree = "<group>"; };
		036BD2BF1965C0EA00EE3A7E /* ExchangeRate.h */ = {isa = PBXFileReference; fileEncoding = 4; lastKnownFileType = sourcecode.c.h; path = ExchangeRate.h; sourceTree = "<group>"; };
		036BD2C01965C0EA00EE3A7E /* ExchangeRate.m */ = {isa = PBXFileReference; fileEncoding = 4; lastKnownFileType = sourcecode.c.objc; path = ExchangeRate.m; sourceTree = "<group>"; };
/* End PBXFileReference section */

/* Begin PBXFrameworksBuildPhase section */
		036BD2AB1965B93900EE3A7E /* Frameworks */ = {
			isa = PBXFrameworksBuildPhase;
			buildActionMask = 2147483647;
			files = (
				036BD2B21965B93900EE3A7E /* Foundation.framework in Frameworks */,
			);
			runOnlyForDeploymentPostprocessing = 0;
		};
/* End PBXFrameworksBuildPhase section */

/* Begin PBXGroup section */
		036BD2A51965B93900EE3A7E = {
			isa = PBXGroup;
			children = (
				036BD2B31965B93900EE3A7E /* FetchExchangeRatesDemo */,
				036BD2B01965B93900EE3A7E /* Frameworks */,
				036BD2AF1965B93900EE3A7E /* Products */,
			);
			sourceTree = "<group>";
		};
		036BD2AF1965B93900EE3A7E /* Products */ = {
			isa = PBXGroup;
			children = (
				036BD2AE1965B93900EE3A7E /* FetchExchangeRatesDemo */,
			);
			name = Products;
			sourceTree = "<group>";
		};
		036BD2B01965B93900EE3A7E /* Frameworks */ = {
			isa = PBXGroup;
			children = (
				036BD2B11965B93900EE3A7E /* Foundation.framework */,
			);
			name = Frameworks;
			sourceTree = "<group>";
		};
		036BD2B31965B93900EE3A7E /* FetchExchangeRatesDemo */ = {
			isa = PBXGroup;
			children = (
				036BD2B41965B93900EE3A7E /* main.m */,
				036BD2BF1965C0EA00EE3A7E /* ExchangeRate.h */,
				036BD2C01965C0EA00EE3A7E /* ExchangeRate.m */,
				036BD2B61965B93900EE3A7E /* Supporting Files */,
			);
			path = FetchExchangeRatesDemo;
			sourceTree = "<group>";
		};
		036BD2B61965B93900EE3A7E /* Supporting Files */ = {
			isa = PBXGroup;
			children = (
				036BD2B71965B93900EE3A7E /* FetchExchangeRatesDemo-Prefix.pch */,
			);
			name = "Supporting Files";
			sourceTree = "<group>";
		};
/* End PBXGroup section */

/* Begin PBXNativeTarget section */
		036BD2AD1965B93900EE3A7E /* FetchExchangeRatesDemo */ = {
			isa = PBXNativeTarget;
			buildConfigurationList = 036BD2BC1965B93900EE3A7E /* Build configuration list for PBXNativeTarget "FetchExchangeRatesDemo" */;
			buildPhases = (
				036BD2AA1965B93900EE3A7E /* Sources */,
				036BD2AB1965B93900EE3A7E /* Frameworks */,
				036BD2AC1965B93900EE3A7E /* CopyFiles */,
			);
			buildRules = (
			);
			dependencies = (
			);
			name = FetchExchangeRatesDemo;
			productName = FetchExchangeRatesDemo;
			productReference = 036BD2AE1965B93900EE3A7E /* FetchExchangeRatesDemo */;
			productType = "com.apple.product-type.tool";
		};
/* End PBXNativeTarget section */

/* Begin PBXProject section */
		036BD2A61965B93900EE3A7E /* Project object */ = {
			isa = PBXProject;
			attributes = {
				LastUpgradeCheck = 0510;
				ORGANIZATIONNAME = "Michael Shafae";
			};
			buildConfigurationList = 036BD2A91965B93900EE3A7E /* Build configuration list for PBXProject "FetchExchangeRatesDemo" */;
			compatibilityVersion = "Xcode 3.2";
			developmentRegion = English;
			hasScannedForEncodings = 0;
			knownRegions = (
				en,
			);
			mainGroup = 036BD2A51965B93900EE3A7E;
			productRefGroup = 036BD2AF1965B93900EE3A7E /* Products */;
			projectDirPath = "";
			projectRoot = "";
			targets = (
				036BD2AD1965B93900EE3A7E /* FetchExchangeRatesDemo */,
			);
		};
/* End PBXProject section */

/* Begin PBXSourcesBuildPhase section */
		036BD2AA1965B93900EE3A7E /* Sources */ = {
			isa = PBXSourcesBuildPhase;
			buildActionMask = 2147483647;
			files = (
				036BD2C11965C0EA00EE3A7E /* ExchangeRate.m in Sources */,
				036BD2B51965B93900EE3A7E /* main.m in Sources */,
			);
			runOnlyForDeploymentPostprocessing = 0;
		};
/* End PBXSourcesBuildPhase section */

/* Begin XCBuildConfiguration section */
		036BD2BA1965B93900EE3A7E /* Debug */ = {
			isa = XCBuildConfiguration;
			buildSettings = {
				ALWAYS_SEARCH_USER_PATHS = NO;
				CLANG_CXX_LANGUAGE_STANDARD = "gnu++0x";
				CLANG_CXX_LIBRARY = "libc++";
				CLANG_ENABLE_MODULES = YES;
				CLANG_ENABLE_OBJC_ARC = YES;
				CLANG_WARN_BOOL_CONVERSION = YES;
				CLANG_WARN_CONSTANT_CONVERSION = YES;
				CLANG_WARN_DIRECT_OBJC_ISA_USAGE = YES_ERROR;
				CLANG_WARN_EMPTY_BODY = YES;
				CLANG_WARN_ENUM_CONVERSION = YES;
				CLANG_WARN_INT_CONVERSION = YES;
				CLANG_WARN_OBJC_ROOT_CLASS = YES_ERROR;
				CLANG_WARN__DUPLICATE_METHOD_MATCH = YES;
				COPY_PHASE_STRIP = NO;
				GCC_C_LANGUAGE_STANDARD = gnu99;
				GCC_DYNAMIC_NO_PIC = NO;
				GCC_ENABLE_OBJC_EXCEPTIONS = YES;
				GCC_OPTIMIZATION_LEVEL = 0;
				GCC_PREPROCESSOR_DEFINITIONS = (
					"DEBUG=1",
					"$(inherited)",
				);
				GCC_SYMBOLS_PRIVATE_EXTERN = NO;
				GCC_WARN_64_TO_32_BIT_CONVERSION = YES;
				GCC_WARN_ABOUT_RETURN_TYPE = YES_ERROR;
				GCC_WARN_UNDECLARED_SELECTOR = YES;
				GCC_WARN_UNINITIALIZED_AUTOS = YES_AGGRESSIVE;
				GCC_WARN_UNUSED_FUNCTION = YES;
				GCC_WARN_UNUSED_VARIABLE = YES;
				MACOSX_DEPLOYMENT_TARGET = 10.9;
				ONLY_ACTIVE_ARCH = YES;
				SDKROOT = macosx;
			};
			name = Debug;
		};
		036BD2BB1965B93900EE3A7E /* Release */ = {
			isa = XCBuildConfiguration;
			buildSettings = {
				ALWAYS_SEARCH_USER_PATHS = NO;
				CLANG_CXX_LANGUAGE_STANDARD = "gnu++0x";
				CLANG_CXX_LIBRARY = "libc++";
				CLANG_ENABLE_MODULES = YES;
				CLANG_ENABLE_OBJC_ARC = YES;
				CLANG_WARN_BOOL_CONVERSION = YES;
				CLANG_WARN_CONSTANT_CONVERSION = YES;
				CLANG_WARN_DIRECT_OBJC_ISA_USAGE = YES_ERROR;
				CLANG_WARN_EMPTY_BODY = YES;
				CLANG_WARN_ENUM_CONVERSION = YES;
				CLANG_WARN_INT_CONVERSION = YES;
				CLANG_WARN_OBJC_ROOT_CLASS = YES_ERROR;
				CLANG_WARN__DUPLICATE_METHOD_MATCH = YES;
				COPY_PHASE_STRIP = YES;
				DEBUG_INFORMATION_FORMAT = "dwarf-with-dsym";
				ENABLE_NS_ASSERTIONS = NO;
				GCC_C_LANGUAGE_STANDARD = gnu99;
				GCC_ENABLE_OBJC_EXCEPTIONS = YES;
				GCC_WARN_64_TO_32_BIT_CONVERSION = YES;
				GCC_WARN_ABOUT_RETURN_TYPE = YES_ERROR;
				GCC_WARN_UNDECLARED_SELECTOR = YES;
				GCC_WARN_UNINITIALIZED_AUTOS = YES_AGGRESSIVE;
				GCC_WARN_UNUSED_FUNCTION = YES;
				GCC_WARN_UNUSED_VARIABLE = YES;
				MACOSX_DEPLOYMENT_TARGET = 10.9;
				SDKROOT = macosx;
			};
			name = Release;
		};
		036BD2BD1965B93900EE3A7E /* Debug */ = {
			isa = XCBuildConfiguration;
			buildSettings = {
				GCC_PRECOMPILE_PREFIX_HEADER = YES;
				GCC_PREFIX_HEADER = "FetchExchangeRatesDemo/FetchExchangeRatesDemo-Prefix.pch";
				PRODUCT_NAME = "$(TARGET_NAME)";
			};
			name = Debug;
		};
		036BD2BE1965B93900EE3A7E /* Release */ = {
			isa = XCBuildConfiguration;
			buildSettings = {
				GCC_PRECOMPILE_PREFIX_HEADER = YES;
				GCC_PREFIX_HEADER = "FetchExchangeRatesDemo/FetchExchangeRatesDemo-Prefix.pch";
				PRODUCT_NAME = "$(TARGET_NAME)";
			};
			name = Release;
		};
/* End XCBuildConfiguration section */

/* Begin XCConfigurationList section */
		036BD2A91965B93900EE3A7E /* Build configuration list for PBXProject "FetchExchangeRatesDemo" */ = {
			isa = XCConfigurationList;
			buildConfigurations = (
				036BD2BA1965B93900EE3A7E /* Debug */,
				036BD2BB1965B93900EE3A7E /* Release */,
			);
			defaultConfigurationIsVisible = 0;
			defaultConfigurationName = Release;
		};
		036BD2BC1965B93900EE3A7E /* Build configuration list for PBXNativeTarget "FetchExchangeRatesDemo" */ = {
			isa = XCConfigurationList;
			buildConfigurations = (
				036BD2BD1965B93900EE3A7E /* Debug */,
				036BD2BE1965B93900EE3A7E /* Release */,
			);
			defaultConfigurationIsVisible = 0;
		};
/* End XCConfigurationList section */
	};
	rootObject = 036BD2A61965B93900EE3A7E /* Project object */;
}
